
Microsoft Visual Studio Solution File, Format Version 12.00
# Visual Studio Version 17
VisualStudioVersion = 17.0.31903.59
MinimumVisualStudioVersion = 10.0.40219.1
Project("{2150E333-8FDC-42A3-9474-1A3956D46DE8}") = "src", "src", "{827E0CD3-B72D-47B6-A68D-7590B98EB39B}"
EndProject
Project("{FAE04EC0-301F-11D3-BF4B-00C04F79EFBC}") = "StreamsPlayer.Core", "src\StreamsPlayer.Core\StreamsPlayer.Core.csproj", "{9F5E2DB1-D4D4-49D2-A125-9A8EF3068806}"
EndProject
Project("{FAE04EC0-301F-11D3-BF4B-00C04F79EFBC}") = "StreamsPlayer.App", "src\StreamsPlayer.App\StreamsPlayer.App.csproj", "{78E842F6-0053-48E9-BAD4-DC2B7B277887}"
EndProject
Project("{2150E333-8FDC-42A3-9474-1A3956D46DE8}") = "tests", "tests", "{0AB3BF05-4346-4AA6-1389-037BE0695223}"
EndProject
Project("{FAE04EC0-301F-11D3-BF4B-00C04F79EFBC}") = "StreamsPlayer.Core.Tests", "tests\StreamsPlayer.Core.Tests\StreamsPlayer.Core.Tests.csproj", "{428DAAEF-B5CF-4768-92E7-E485E1B0AC48}"
EndProject
Project("{2150E333-8FDC-42A3-9474-1A3956D46DE8}") = "tools", "tools", "{07C2787E-EAC7-C090-1BA3-A61EC2A24D84}"
EndProject
Project("{FAE04EC0-301F-11D3-BF4B-00C04F79EFBC}") = "StreamsPlayer.CatalogHarness", "tools\StreamsPlayer.CatalogHarness\StreamsPlayer.CatalogHarness.csproj", "{DEDFA37B-E2FC-471F-BB05-993B7916D7FE}"
EndProject
Global
	GlobalSection(SolutionConfigurationPlatforms) = preSolution
		Debug|Any CPU = Debug|Any CPU
		Debug|x64 = Debug|x64
		Debug|x86 = Debug|x86
		Release|Any CPU = Release|Any CPU
		Release|x64 = Release|x64
		Release|x86 = Release|x86
	EndGlobalSection
	GlobalSection(ProjectConfigurationPlatforms) = postSolution
		{9F5E2DB1-D4D4-49D2-A125-9A8EF3068806}.Debug|Any CPU.ActiveCfg = Debug|Any CPU
		{9F5E2DB1-D4D4-49D2-A125-9A8EF3068806}.Debug|Any CPU.Build.0 = Debug|Any CPU
		{9F5E2DB1-D4D4-49D2-A125-9A8EF3068806}.Debug|x64.ActiveCfg = Debug|Any CPU
		{9F5E2DB1-D4D4-49D2-A125-9A8EF3068806}.Debug|x64.Build.0 = Debug|Any CPU
		{9F5E2DB1-D4D4-49D2-A125-9A8EF3068806}.Debug|x86.ActiveCfg = Debug|Any CPU
		{9F5E2DB1-D4D4-49D2-A125-9A8EF3068806}.Debug|x86.Build.0 = Debug|Any CPU
		{9F5E2DB1-D4D4-49D2-A125-9A8EF3068806}.Release|Any CPU.ActiveCfg = Release|Any CPU
		{9F5E2DB1-D4D4-49D2-A125-9A8EF3068806}.Release|Any CPU.Build.0 = Release|Any CPU
		{9F5E2DB1-D4D4-49D2-A125-9A8EF3068806}.Release|x64.ActiveCfg = Release|Any CPU
		{9F5E2DB1-D4D4-49D2-A125-9A8EF3068806}.Release|x64.Build.0 = Release|Any CPU
		{9F5E2DB1-D4D4-49D2-A125-9A8EF3068806}.Release|x86.ActiveCfg = Release|Any CPU
		{9F5E2DB1-D4D4-49D2-A125-9A8EF3068806}.Release|x86.Build.0 = Release|Any CPU
		{78E842F6-0053-48E9-BAD4-DC2B7B277887}.Debug|Any CPU.ActiveCfg = Debug|Any CPU
		{78E842F6-0053-48E9-BAD4-DC2B7B277887}.Debug|Any CPU.Build.0 = Debug|Any CPU
		{78E842F6-0053-48E9-BAD4-DC2B7B277887}.Debug|x64.ActiveCfg = Debug|Any CPU
		{78E842F6-0053-48E9-BAD4-DC2B7B277887}.Debug|x64.Build.0 = Debug|Any CPU
		{78E842F6-0053-48E9-BAD4-DC2B7B277887}.Debug|x86.ActiveCfg = Debug|Any CPU
		{78E842F6-0053-48E9-BAD4-DC2B7B277887}.Debug|x86.Build.0 = Debug|Any CPU
		{78E842F6-0053-48E9-BAD4-DC2B7B277887}.Release|Any CPU.ActiveCfg = Release|Any CPU
		{78E842F6-0053-48E9-BAD4-DC2B7B277887}.Release|Any CPU.Build.0 = Release|Any CPU
		{78E842F6-0053-48E9-BAD4-DC2B7B277887}.Release|x64.ActiveCfg = Release|Any CPU
		{78E842F6-0053-48E9-BAD4-DC2B7B277887}.Release|x64.Build.0 = Release|Any CPU
		{78E842F6-0053-48E9-BAD4-DC2B7B277887}.Release|x86.ActiveCfg = Release|Any CPU
		{78E842F6-0053-48E9-BAD4-DC2B7B277887}.Release|x86.Build.0 = Release|Any CPU
		{428DAAEF-B5CF-4768-92E7-E485E1B0AC48}.Debug|Any CPU.ActiveCfg = Debug|Any CPU
		{428DAAEF-B5CF-4768-92E7-E485E1B0AC48}.Debug|Any CPU.Build.0 = Debug|Any CPU
		{428DAAEF-B5CF-4768-92E7-E485E1B0AC48}.Debug|x64.ActiveCfg = Debug|Any CPU
		{428DAAEF-B5CF-4768-92E7-E485E1B0AC48}.Debug|x64.Build.0 = Debug|Any CPU
		{428DAAEF-B5CF-4768-92E7-E485E1B0AC48}.Debug|x86.ActiveCfg = Debug|Any CPU
		{428DAAEF-B5CF-4768-92E7-E485E1B0AC48}.Debug|x86.Build.0 = Debug|Any CPU
		{428DAAEF-B5CF-4768-92E7-E485E1B0AC48}.Release|Any CPU.ActiveCfg = Release|Any CPU
		{428DAAEF-B5CF-4768-92E7-E485E1B0AC48}.Release|Any CPU.Build.0 = Release|Any CPU
		{428DAAEF-B5CF-4768-92E7-E485E1B0AC48}.Release|x64.ActiveCfg = Release|Any CPU
		{428DAAEF-B5CF-4768-92E7-E485E1B0AC48}.Release|x64.Build.0 = Release|Any CPU
		{428DAAEF-B5CF-4768-92E7-E485E1B0AC48}.Release|x86.ActiveCfg = Release|Any CPU
		{428DAAEF-B5CF-4768-92E7-E485E1B0AC48}.Release|x86.Build.0 = Release|Any CPU
		{DEDFA37B-E2FC-471F-BB05-993B7916D7FE}.Debug|Any CPU.ActiveCfg = Debug|Any CPU
		{DEDFA37B-E2FC-471F-BB05-993B7916D7FE}.Debug|Any CPU.Build.0 = Debug|Any CPU
		{DEDFA37B-E2FC-471F-BB05-993B7916D7FE}.Debug|x64.ActiveCfg = Debug|Any CPU
		{DEDFA37B-E2FC-471F-BB05-993B7916D7FE}.Debug|x64.Build.0 = Debug|Any CPU
		{DEDFA37B-E2FC-471F-BB05-993B7916D7FE}.Debug|x86.ActiveCfg = Debug|Any CPU
		{DEDFA37B-E2FC-471F-BB05-993B7916D7FE}.Debug|x86.Build.0 = Debug|Any CPU
		{DEDFA37B-E2FC-471F-BB05-993B7916D7FE}.Release|Any CPU.ActiveCfg = Release|Any CPU
		{DEDFA37B-E2FC-471F-BB05-993B7916D7FE}.Release|Any CPU.Build.0 = Release|Any CPU
		{DEDFA37B-E2FC-471F-BB05-993B7916D7FE}.Release|x64.ActiveCfg = Release|Any CPU
		{DEDFA37B-E2FC-471F-BB05-993B7916D7FE}.Release|x64.Build.0 = Release|Any CPU
		{DEDFA37B-E2FC-471F-BB05-993B7916D7FE}.Release|x86.ActiveCfg = Release|Any CPU
		{DEDFA37B-E2FC-471F-BB05-993B7916D7FE}.Release|x86.Build.0 = Release|Any CPU
	EndGlobalSection
	GlobalSection(SolutionProperties) = preSolution
		HideSolutionNode = FALSE
	EndGlobalSection
	GlobalSection(NestedProjects) = preSolution
		{9F5E2DB1-D4D4-49D2-A125-9A8EF3068806} = {827E0CD3-B72D-47B6-A68D-7590B98EB39B}
		{78E842F6-0053-48E9-BAD4-DC2B7B277887} = {827E0CD3-B72D-47B6-A68D-7590B98EB39B}
		{428DAAEF-B5CF-4768-92E7-E485E1B0AC48} = {0AB3BF05-4346-4AA6-1389-037BE0695223}
		{DEDFA37B-E2FC-471F-BB05-993B7916D7FE} = {07C2787E-EAC7-C090-1BA3-A61EC2A24D84}
	EndGlobalSection
EndGlobal
